<?xml version="1.0" encoding="UTF-8" standalone="yes" ?>
<CodeBlocks_project_file>
	<FileVersion major="1" minor="6" />
	<Project>
		<Option title="Projecto_ED_23_24" />
		<Option pch_mode="2" />
		<Option compiler="gcc" />
		<Build>
			<Target title="Debug">
				<Option output="bin/Debug/Projecto_ED_23_24" prefix_auto="1" extension_auto="1" />
				<Option object_output="obj/Debug/" />
				<Option type="1" />
				<Option compiler="gcc" />
				<Compiler>
					<Add option="-g" />
				</Compiler>
			</Target>
			<Target title="Release">
				<Option output="bin/Release/Projecto_ED_23_24" prefix_auto="1" extension_auto="1" />
				<Option object_output="obj/Release/" />
				<Option type="1" />
				<Option compiler="gcc" />
				<Compiler>
					<Add option="-O2" />
				</Compiler>
				<Linker>
					<Add option="-s" />
				</Linker>
			</Target>
		</Build>
		<Compiler>
			<Add option="-Wall" />
		</Compiler>
		<Unit filename="Biblioteca.c">
			<Option compilerVar="CC" />
		</Unit>
		<Unit filename="Biblioteca.h" />
		<Unit filename="Hashing.c">
			<Option compilerVar="CC" />
		</Unit>
		<Unit filename="Hashing.h" />
		<Unit filename="Lista.c">
			<Option compilerVar="CC" />
		</Unit>
		<Unit filename="Lista.h" />
		<Unit filename="Livro.c">
			<Option compilerVar="CC" />
		</Unit>
		<Unit filename="Livro.h" />
		<Unit filename="Pessoa.c">
			<Option compilerVar="CC" />
		</Unit>
		<Unit filename="Pessoa.h" />
		<Unit filename="Requisicao.c">
			<Option compilerVar="CC" />
		</Unit>
		<Unit filename="Requisicao.h" />
		<Unit filename="Uteis.c">
			<Option compilerVar="CC" />
		</Unit>
		<Unit filename="main.c">
			<Option compilerVar="CC" />
		</Unit>
		<Extensions>
			<lib_finder disable_auto="1" />
		</Extensions>
	</Project>
</CodeBlocks_project_file>
